
Microsoft Visual Studio Solution File, Format Version 12.00
# Visual Studio Version 16
VisualStudioVersion = 16.0.31205.134
MinimumVisualStudioVersion = 10.0.40219.1
Project("{2150E333-8FDC-42A3-9474-1A3956D46DE8}") = "Services", "Services", "{D360A55F-D2E0-4F13-9634-6568243A1E2A}"
EndProject
Project("{2150E333-8FDC-42A3-9474-1A3956D46DE8}") = "Catalog", "Catalog", "{21DDB856-5660-4037-B55C-1F11969E868D}"
EndProject
Project("{FAE04EC0-301F-11D3-BF4B-00C04F79EFBC}") = "Catalog.API", "Services\Catalog\Catalog.API\Catalog.API.csproj", "{16DA23EB-A0B6-4011-831A-938586A879F1}"
EndProject
Global
	GlobalSection(SolutionConfigurationPlatforms) = preSolution
		Debug|Any CPU = Debug|Any CPU
		Release|Any CPU = Release|Any CPU
	EndGlobalSection
	GlobalSection(ProjectConfigurationPlatforms) = postSolution
		{16DA23EB-A0B6-4011-831A-938586A879F1}.Debug|Any CPU.ActiveCfg = Debug|Any CPU
		{16DA23EB-A0B6-4011-831A-938586A879F1}.Debug|Any CPU.Build.0 = Debug|Any CPU
		{16DA23EB-A0B6-4011-831A-938586A879F1}.Release|Any CPU.ActiveCfg = Release|Any CPU
		{16DA23EB-A0B6-4011-831A-938586A879F1}.Release|Any CPU.Build.0 = Release|Any CPU
	EndGlobalSection
	GlobalSection(SolutionProperties) = preSolution
		HideSolutionNode = FALSE
	EndGlobalSection
	GlobalSection(NestedProjects) = preSolution
		{21DDB856-5660-4037-B55C-1F11969E868D} = {D360A55F-D2E0-4F13-9634-6568243A1E2A}
		{16DA23EB-A0B6-4011-831A-938586A879F1} = {21DDB856-5660-4037-B55C-1F11969E868D}
	EndGlobalSection
	GlobalSection(ExtensibilityGlobals) = postSolution
		SolutionGuid = {40F939D1-75E0-46D6-BA1D-A6CBEB293973}
	EndGlobalSection
EndGlobal
