
Microsoft Visual Studio Solution File, Format Version 12.00
# Visual Studio Version 16
VisualStudioVersion = 16.0.31205.134
MinimumVisualStudioVersion = 10.0.40219.1
Project("{2150E333-8FDC-42A3-9474-1A3956D46DE8}") = "Services", "Services", "{D360A55F-D2E0-4F13-9634-6568243A1E2A}"
EndProject
Project("{2150E333-8FDC-42A3-9474-1A3956D46DE8}") = "Catalog", "Catalog", "{21DDB856-5660-4037-B55C-1F11969E868D}"
EndProject
Project("{9A19103F-16F7-4668-BE54-9A1E7A4F7556}") = "Catalog.API", "Services\Catalog\Catalog.API\Catalog.API.csproj", "{16DA23EB-A0B6-4011-831A-938586A879F1}"
EndProject
Project("{E53339B2-1760-4266-BCC7-CA923CBCF16C}") = "docker-compose", "docker-compose.dcproj", "{4F67EA70-64D4-4859-96B6-A8F70EBA25E3}"
EndProject
Project("{2150E333-8FDC-42A3-9474-1A3956D46DE8}") = "Basket", "Basket", "{06886249-08E6-41B3-9E41-C1C13BD224FF}"
EndProject
Project("{9A19103F-16F7-4668-BE54-9A1E7A4F7556}") = "Basket.API", "Services\Basket\Basket.API\Basket.API.csproj", "{1CEABC89-6AED-47EF-A3F0-20EB5CBCF4C7}"
EndProject
Project("{2150E333-8FDC-42A3-9474-1A3956D46DE8}") = "Discount", "Discount", "{F3FA7CE5-1332-413D-84D3-71341097DAFC}"
EndProject
Project("{9A19103F-16F7-4668-BE54-9A1E7A4F7556}") = "Discount.API", "Services\Discount\Discount.API\Discount.API.csproj", "{7E5B2C09-0492-4924-94BB-C97A7C73C331}"
EndProject
Project("{9A19103F-16F7-4668-BE54-9A1E7A4F7556}") = "Discount.Grpc", "Services\Discount\Discount.Grpc\Discount.Grpc.csproj", "{D38A045D-43C7-4847-B2A3-FD24289CF50E}"
EndProject
Project("{2150E333-8FDC-42A3-9474-1A3956D46DE8}") = "Ordering", "Ordering", "{834FBC6E-BE55-4E80-95DA-1383590BED3C}"
EndProject
Project("{9A19103F-16F7-4668-BE54-9A1E7A4F7556}") = "Ordering.API", "Services\Ordering\Ordering.API\Ordering.API.csproj", "{AFC7133B-D456-4272-A5F4-CEA18DC36BDF}"
EndProject
Project("{9A19103F-16F7-4668-BE54-9A1E7A4F7556}") = "Ordering.Domain", "Services\Ordering\Ordering.Domain\Ordering.Domain.csproj", "{1D5542BE-2F10-4A7A-B1A2-005A90826CEB}"
EndProject
Project("{9A19103F-16F7-4668-BE54-9A1E7A4F7556}") = "Ordering.Application", "Services\Ordering\Ordering.Application\Ordering.Application.csproj", "{BA9A4551-DA15-4AC7-A493-4A9C9D454D24}"
EndProject
Project("{9A19103F-16F7-4668-BE54-9A1E7A4F7556}") = "Ordering.Infrastructure", "Services\Ordering\Ordering.Infrastructure\Ordering.Infrastructure.csproj", "{66DFA584-D1BD-48B8-8EBB-B77444AE8861}"
EndProject
Project("{2150E333-8FDC-42A3-9474-1A3956D46DE8}") = "BuildingBlocks", "BuildingBlocks", "{C6670AA0-23DC-42D6-8D4E-05B45F998688}"
EndProject
Project("{FAE04EC0-301F-11D3-BF4B-00C04F79EFBC}") = "EventBus.Messages", "BuildingBlocks\EventBus.Messages\EventBus.Messages.csproj", "{A4315FE7-0404-4739-ACE1-0663A9E5A2B5}"
EndProject
Global
	GlobalSection(SolutionConfigurationPlatforms) = preSolution
		Debug|Any CPU = Debug|Any CPU
		Release|Any CPU = Release|Any CPU
	EndGlobalSection
	GlobalSection(ProjectConfigurationPlatforms) = postSolution
		{16DA23EB-A0B6-4011-831A-938586A879F1}.Debug|Any CPU.ActiveCfg = Debug|Any CPU
		{16DA23EB-A0B6-4011-831A-938586A879F1}.Debug|Any CPU.Build.0 = Debug|Any CPU
		{16DA23EB-A0B6-4011-831A-938586A879F1}.Release|Any CPU.ActiveCfg = Release|Any CPU
		{16DA23EB-A0B6-4011-831A-938586A879F1}.Release|Any CPU.Build.0 = Release|Any CPU
		{4F67EA70-64D4-4859-96B6-A8F70EBA25E3}.Debug|Any CPU.ActiveCfg = Debug|Any CPU
		{4F67EA70-64D4-4859-96B6-A8F70EBA25E3}.Debug|Any CPU.Build.0 = Debug|Any CPU
		{4F67EA70-64D4-4859-96B6-A8F70EBA25E3}.Release|Any CPU.ActiveCfg = Release|Any CPU
		{4F67EA70-64D4-4859-96B6-A8F70EBA25E3}.Release|Any CPU.Build.0 = Release|Any CPU
		{1CEABC89-6AED-47EF-A3F0-20EB5CBCF4C7}.Debug|Any CPU.ActiveCfg = Debug|Any CPU
		{1CEABC89-6AED-47EF-A3F0-20EB5CBCF4C7}.Debug|Any CPU.Build.0 = Debug|Any CPU
		{1CEABC89-6AED-47EF-A3F0-20EB5CBCF4C7}.Release|Any CPU.ActiveCfg = Release|Any CPU
		{1CEABC89-6AED-47EF-A3F0-20EB5CBCF4C7}.Release|Any CPU.Build.0 = Release|Any CPU
		{7E5B2C09-0492-4924-94BB-C97A7C73C331}.Debug|Any CPU.ActiveCfg = Debug|Any CPU
		{7E5B2C09-0492-4924-94BB-C97A7C73C331}.Debug|Any CPU.Build.0 = Debug|Any CPU
		{7E5B2C09-0492-4924-94BB-C97A7C73C331}.Release|Any CPU.ActiveCfg = Release|Any CPU
		{7E5B2C09-0492-4924-94BB-C97A7C73C331}.Release|Any CPU.Build.0 = Release|Any CPU
		{D38A045D-43C7-4847-B2A3-FD24289CF50E}.Debug|Any CPU.ActiveCfg = Debug|Any CPU
		{D38A045D-43C7-4847-B2A3-FD24289CF50E}.Debug|Any CPU.Build.0 = Debug|Any CPU
		{D38A045D-43C7-4847-B2A3-FD24289CF50E}.Release|Any CPU.ActiveCfg = Release|Any CPU
		{D38A045D-43C7-4847-B2A3-FD24289CF50E}.Release|Any CPU.Build.0 = Release|Any CPU
		{AFC7133B-D456-4272-A5F4-CEA18DC36BDF}.Debug|Any CPU.ActiveCfg = Debug|Any CPU
		{AFC7133B-D456-4272-A5F4-CEA18DC36BDF}.Debug|Any CPU.Build.0 = Debug|Any CPU
		{AFC7133B-D456-4272-A5F4-CEA18DC36BDF}.Release|Any CPU.ActiveCfg = Release|Any CPU
		{AFC7133B-D456-4272-A5F4-CEA18DC36BDF}.Release|Any CPU.Build.0 = Release|Any CPU
		{1D5542BE-2F10-4A7A-B1A2-005A90826CEB}.Debug|Any CPU.ActiveCfg = Debug|Any CPU
		{1D5542BE-2F10-4A7A-B1A2-005A90826CEB}.Debug|Any CPU.Build.0 = Debug|Any CPU
		{1D5542BE-2F10-4A7A-B1A2-005A90826CEB}.Release|Any CPU.ActiveCfg = Release|Any CPU
		{1D5542BE-2F10-4A7A-B1A2-005A90826CEB}.Release|Any CPU.Build.0 = Release|Any CPU
		{BA9A4551-DA15-4AC7-A493-4A9C9D454D24}.Debug|Any CPU.ActiveCfg = Debug|Any CPU
		{BA9A4551-DA15-4AC7-A493-4A9C9D454D24}.Debug|Any CPU.Build.0 = Debug|Any CPU
		{BA9A4551-DA15-4AC7-A493-4A9C9D454D24}.Release|Any CPU.ActiveCfg = Release|Any CPU
		{BA9A4551-DA15-4AC7-A493-4A9C9D454D24}.Release|Any CPU.Build.0 = Release|Any CPU
		{66DFA584-D1BD-48B8-8EBB-B77444AE8861}.Debug|Any CPU.ActiveCfg = Debug|Any CPU
		{66DFA584-D1BD-48B8-8EBB-B77444AE8861}.Debug|Any CPU.Build.0 = Debug|Any CPU
		{66DFA584-D1BD-48B8-8EBB-B77444AE8861}.Release|Any CPU.ActiveCfg = Release|Any CPU
		{66DFA584-D1BD-48B8-8EBB-B77444AE8861}.Release|Any CPU.Build.0 = Release|Any CPU
		{A4315FE7-0404-4739-ACE1-0663A9E5A2B5}.Debug|Any CPU.ActiveCfg = Debug|Any CPU
		{A4315FE7-0404-4739-ACE1-0663A9E5A2B5}.Debug|Any CPU.Build.0 = Debug|Any CPU
		{A4315FE7-0404-4739-ACE1-0663A9E5A2B5}.Release|Any CPU.ActiveCfg = Release|Any CPU
		{A4315FE7-0404-4739-ACE1-0663A9E5A2B5}.Release|Any CPU.Build.0 = Release|Any CPU
	EndGlobalSection
	GlobalSection(SolutionProperties) = preSolution
		HideSolutionNode = FALSE
	EndGlobalSection
	GlobalSection(NestedProjects) = preSolution
		{21DDB856-5660-4037-B55C-1F11969E868D} = {D360A55F-D2E0-4F13-9634-6568243A1E2A}
		{16DA23EB-A0B6-4011-831A-938586A879F1} = {21DDB856-5660-4037-B55C-1F11969E868D}
		{06886249-08E6-41B3-9E41-C1C13BD224FF} = {D360A55F-D2E0-4F13-9634-6568243A1E2A}
		{1CEABC89-6AED-47EF-A3F0-20EB5CBCF4C7} = {06886249-08E6-41B3-9E41-C1C13BD224FF}
		{F3FA7CE5-1332-413D-84D3-71341097DAFC} = {D360A55F-D2E0-4F13-9634-6568243A1E2A}
		{7E5B2C09-0492-4924-94BB-C97A7C73C331} = {F3FA7CE5-1332-413D-84D3-71341097DAFC}
		{D38A045D-43C7-4847-B2A3-FD24289CF50E} = {F3FA7CE5-1332-413D-84D3-71341097DAFC}
		{834FBC6E-BE55-4E80-95DA-1383590BED3C} = {D360A55F-D2E0-4F13-9634-6568243A1E2A}
		{AFC7133B-D456-4272-A5F4-CEA18DC36BDF} = {834FBC6E-BE55-4E80-95DA-1383590BED3C}
		{1D5542BE-2F10-4A7A-B1A2-005A90826CEB} = {834FBC6E-BE55-4E80-95DA-1383590BED3C}
		{BA9A4551-DA15-4AC7-A493-4A9C9D454D24} = {834FBC6E-BE55-4E80-95DA-1383590BED3C}
		{66DFA584-D1BD-48B8-8EBB-B77444AE8861} = {834FBC6E-BE55-4E80-95DA-1383590BED3C}
		{A4315FE7-0404-4739-ACE1-0663A9E5A2B5} = {C6670AA0-23DC-42D6-8D4E-05B45F998688}
	EndGlobalSection
	GlobalSection(ExtensibilityGlobals) = postSolution
		SolutionGuid = {40F939D1-75E0-46D6-BA1D-A6CBEB293973}
	EndGlobalSection
EndGlobal
